
Microsoft Visual Studio Solution File, Format Version 12.00
# Visual Studio Version 16
VisualStudioVersion = 16.0.31729.503
MinimumVisualStudioVersion = 10.0.40219.1
Project("{8BC9CEB8-8B4A-11D0-8D11-00A0C91BC942}") = "Lab 6 Task 6 DS", "Lab 6 Task 6 DS.vcxproj", "{082F9FC9-A36E-4515-96FF-DDB88EAF3CE1}"
EndProject
Global
	GlobalSection(SolutionConfigurationPlatforms) = preSolution
		Debug|x64 = Debug|x64
		Debug|x86 = Debug|x86
		Release|x64 = Release|x64
		Release|x86 = Release|x86
	EndGlobalSection
	GlobalSection(ProjectConfigurationPlatforms) = postSolution
		{082F9FC9-A36E-4515-96FF-DDB88EAF3CE1}.Debug|x64.ActiveCfg = Debug|x64
		{082F9FC9-A36E-4515-96FF-DDB88EAF3CE1}.Debug|x64.Build.0 = Debug|x64
		{082F9FC9-A36E-4515-96FF-DDB88EAF3CE1}.Debug|x86.ActiveCfg = Debug|Win32
		{082F9FC9-A36E-4515-96FF-DDB88EAF3CE1}.Debug|x86.Build.0 = Debug|Win32
		{082F9FC9-A36E-4515-96FF-DDB88EAF3CE1}.Release|x64.ActiveCfg = Release|x64
		{082F9FC9-A36E-4515-96FF-DDB88EAF3CE1}.Release|x64.Build.0 = Release|x64
		{082F9FC9-A36E-4515-96FF-DDB88EAF3CE1}.Release|x86.ActiveCfg = Release|Win32
		{082F9FC9-A36E-4515-96FF-DDB88EAF3CE1}.Release|x86.Build.0 = Release|Win32
	EndGlobalSection
	GlobalSection(SolutionProperties) = preSolution
		HideSolutionNode = FALSE
	EndGlobalSection
	GlobalSection(ExtensibilityGlobals) = postSolution
		SolutionGuid = {6366F05E-913A-438E-8F3C-C59873D566B5}
	EndGlobalSection
EndGlobal
