
Microsoft Visual Studio Solution File, Format Version 12.00
# Visual Studio Version 16
VisualStudioVersion = 16.0.31727.386
MinimumVisualStudioVersion = 10.0.40219.1
Project("{8BC9CEB8-8B4A-11D0-8D11-00A0C91BC942}") = "Template Singly LL", "Template Singly LL.vcxproj", "{3AFBC9A5-C853-448C-A495-5B19EF2356B9}"
EndProject
Global
	GlobalSection(SolutionConfigurationPlatforms) = preSolution
		Debug|x64 = Debug|x64
		Debug|x86 = Debug|x86
		Release|x64 = Release|x64
		Release|x86 = Release|x86
	EndGlobalSection
	GlobalSection(ProjectConfigurationPlatforms) = postSolution
		{3AFBC9A5-C853-448C-A495-5B19EF2356B9}.Debug|x64.ActiveCfg = Debug|x64
		{3AFBC9A5-C853-448C-A495-5B19EF2356B9}.Debug|x64.Build.0 = Debug|x64
		{3AFBC9A5-C853-448C-A495-5B19EF2356B9}.Debug|x86.ActiveCfg = Debug|Win32
		{3AFBC9A5-C853-448C-A495-5B19EF2356B9}.Debug|x86.Build.0 = Debug|Win32
		{3AFBC9A5-C853-448C-A495-5B19EF2356B9}.Release|x64.ActiveCfg = Release|x64
		{3AFBC9A5-C853-448C-A495-5B19EF2356B9}.Release|x64.Build.0 = Release|x64
		{3AFBC9A5-C853-448C-A495-5B19EF2356B9}.Release|x86.ActiveCfg = Release|Win32
		{3AFBC9A5-C853-448C-A495-5B19EF2356B9}.Release|x86.Build.0 = Release|Win32
	EndGlobalSection
	GlobalSection(SolutionProperties) = preSolution
		HideSolutionNode = FALSE
	EndGlobalSection
	GlobalSection(ExtensibilityGlobals) = postSolution
		SolutionGuid = {E8993427-C755-44EA-9AF6-EF54369E3F47}
	EndGlobalSection
EndGlobal
