
Microsoft Visual Studio Solution File, Format Version 12.00
# Visual Studio Version 16
VisualStudioVersion = 16.0.31702.278
MinimumVisualStudioVersion = 10.0.40219.1
Project("{8BC9CEB8-8B4A-11D0-8D11-00A0C91BC942}") = "DS Lab 2", "DS Lab 2.vcxproj", "{E50F2C21-9CC7-4AA0-8E48-9A5F94AD6C08}"
EndProject
Global
	GlobalSection(SolutionConfigurationPlatforms) = preSolution
		Debug|x64 = Debug|x64
		Debug|x86 = Debug|x86
		Release|x64 = Release|x64
		Release|x86 = Release|x86
	EndGlobalSection
	GlobalSection(ProjectConfigurationPlatforms) = postSolution
		{E50F2C21-9CC7-4AA0-8E48-9A5F94AD6C08}.Debug|x64.ActiveCfg = Debug|x64
		{E50F2C21-9CC7-4AA0-8E48-9A5F94AD6C08}.Debug|x64.Build.0 = Debug|x64
		{E50F2C21-9CC7-4AA0-8E48-9A5F94AD6C08}.Debug|x86.ActiveCfg = Debug|Win32
		{E50F2C21-9CC7-4AA0-8E48-9A5F94AD6C08}.Debug|x86.Build.0 = Debug|Win32
		{E50F2C21-9CC7-4AA0-8E48-9A5F94AD6C08}.Release|x64.ActiveCfg = Release|x64
		{E50F2C21-9CC7-4AA0-8E48-9A5F94AD6C08}.Release|x64.Build.0 = Release|x64
		{E50F2C21-9CC7-4AA0-8E48-9A5F94AD6C08}.Release|x86.ActiveCfg = Release|Win32
		{E50F2C21-9CC7-4AA0-8E48-9A5F94AD6C08}.Release|x86.Build.0 = Release|Win32
	EndGlobalSection
	GlobalSection(SolutionProperties) = preSolution
		HideSolutionNode = FALSE
	EndGlobalSection
	GlobalSection(ExtensibilityGlobals) = postSolution
		SolutionGuid = {7A5E381C-ED73-4499-8969-2B9B19DC07AB}
	EndGlobalSection
EndGlobal
