
Microsoft Visual Studio Solution File, Format Version 12.00
# Visual Studio Version 16
VisualStudioVersion = 16.0.31702.278
MinimumVisualStudioVersion = 10.0.40219.1
Project("{8BC9CEB8-8B4A-11D0-8D11-00A0C91BC942}") = "coal practice", "coal practice.vcxproj", "{4C16FD16-7930-43E6-B87E-DE1994D0497C}"
EndProject
Global
	GlobalSection(SolutionConfigurationPlatforms) = preSolution
		Debug|x64 = Debug|x64
		Debug|x86 = Debug|x86
		Release|x64 = Release|x64
		Release|x86 = Release|x86
	EndGlobalSection
	GlobalSection(ProjectConfigurationPlatforms) = postSolution
		{4C16FD16-7930-43E6-B87E-DE1994D0497C}.Debug|x64.ActiveCfg = Debug|x64
		{4C16FD16-7930-43E6-B87E-DE1994D0497C}.Debug|x64.Build.0 = Debug|x64
		{4C16FD16-7930-43E6-B87E-DE1994D0497C}.Debug|x86.ActiveCfg = Debug|Win32
		{4C16FD16-7930-43E6-B87E-DE1994D0497C}.Debug|x86.Build.0 = Debug|Win32
		{4C16FD16-7930-43E6-B87E-DE1994D0497C}.Release|x64.ActiveCfg = Release|x64
		{4C16FD16-7930-43E6-B87E-DE1994D0497C}.Release|x64.Build.0 = Release|x64
		{4C16FD16-7930-43E6-B87E-DE1994D0497C}.Release|x86.ActiveCfg = Release|Win32
		{4C16FD16-7930-43E6-B87E-DE1994D0497C}.Release|x86.Build.0 = Release|Win32
	EndGlobalSection
	GlobalSection(SolutionProperties) = preSolution
		HideSolutionNode = FALSE
	EndGlobalSection
	GlobalSection(ExtensibilityGlobals) = postSolution
		SolutionGuid = {67F1C3E7-29C8-466A-A4FB-508278F1F413}
	EndGlobalSection
EndGlobal
